{
    "_meta": {
        "hash": {
            "sha256": "ba1f6e3a93793f197bfec756ef6683420ab05eca5ee796b11cc9d9d7aa29b45a"
        },
        "requires": {},
        "sources": [
            {
                "url": "https://pypi.python.org/simple",
                "verify_ssl": true
            }
        ]
    },
    "default": {
        "click": {
            "version": "==6.7"
        },
        "click-completion": {
            "version": "==0.2.1"
        },
        "click-log": {
            "version": "==0.1.8"
        },
        "colorama": {
            "version": "==0.3.9"
        },
        "crayons": {
            "version": "==0.1.2"
        },
        "jinja2": {
            "version": "==2.9.6"
        },
        "markupsafe": {
            "version": "==1.0"
        },
        "six": {
            "version": "==1.10.0"
        }
    },
    "develop": {}
}
